
Microsoft Visual Studio Solution File, Format Version 12.00
# Visual Studio 14
VisualStudioVersion = 14.0.25420.1
MinimumVisualStudioVersion = 10.0.40219.1
Project("{E24C65DC-7377-472B-9ABA-BC803B73C61A}") = "Uday.ProjectManagement", "..\..\..\..\Desktop\Uday.ProjectManagement\", "{4437F372-213F-47DF-8384-97F0CDC16C93}"
	ProjectSection(WebsiteProperties) = preProject
		TargetFrameworkMoniker = ".NETFramework,Version%3Dv4.5.2"
		Debug.AspNetCompiler.VirtualPath = "/localhost_56665"
		Debug.AspNetCompiler.PhysicalPath = "..\..\..\..\Desktop\Uday.ProjectManagement\"
		Debug.AspNetCompiler.TargetPath = "PrecompiledWeb\localhost_56665\"
		Debug.AspNetCompiler.Updateable = "true"
		Debug.AspNetCompiler.ForceOverwrite = "true"
		Debug.AspNetCompiler.FixedNames = "false"
		Debug.AspNetCompiler.Debug = "True"
		Release.AspNetCompiler.VirtualPath = "/localhost_56665"
		Release.AspNetCompiler.PhysicalPath = "..\..\..\..\Desktop\Uday.ProjectManagement\"
		Release.AspNetCompiler.TargetPath = "PrecompiledWeb\localhost_56665\"
		Release.AspNetCompiler.Updateable = "true"
		Release.AspNetCompiler.ForceOverwrite = "true"
		Release.AspNetCompiler.FixedNames = "false"
		Release.AspNetCompiler.Debug = "False"
		VWDPort = "56665"
		SlnRelativePath = "..\..\..\..\Desktop\Uday.ProjectManagement\"
		DefaultWebSiteLanguage = "Visual C#"
	EndProjectSection
EndProject
Project("{FAE04EC0-301F-11D3-BF4B-00C04F79EFBC}") = "ProjectManagement.Common", "ProjectManagement.Common\ProjectManagement.Common.csproj", "{7AF73E4B-3B20-4DC1-99E4-0221F71A946C}"
EndProject
Project("{FAE04EC0-301F-11D3-BF4B-00C04F79EFBC}") = "ProjectManagement.DAL", "ProjectManagement.DAL\ProjectManagement.DAL.csproj", "{3BF886E8-6403-4BEC-B7A6-3B487CC179D8}"
EndProject
Project("{FAE04EC0-301F-11D3-BF4B-00C04F79EFBC}") = "ProjectManagement.BLL", "ProjectManagement.BLL\ProjectManagement.BLL.csproj", "{489CE0A7-27C2-4A46-8D03-E75906430399}"
EndProject
Project("{FAE04EC0-301F-11D3-BF4B-00C04F79EFBC}") = "ProjectManagement.DataEntity", "ProjectManagement.DataEntity\ProjectManagement.DataEntity.csproj", "{C7BF1344-4E98-463B-8A17-53351AF61159}"
EndProject
Global
	GlobalSection(SolutionConfigurationPlatforms) = preSolution
		Debug|Any CPU = Debug|Any CPU
		Release|Any CPU = Release|Any CPU
	EndGlobalSection
	GlobalSection(ProjectConfigurationPlatforms) = postSolution
		{4437F372-213F-47DF-8384-97F0CDC16C93}.Debug|Any CPU.ActiveCfg = Debug|Any CPU
		{4437F372-213F-47DF-8384-97F0CDC16C93}.Debug|Any CPU.Build.0 = Debug|Any CPU
		{4437F372-213F-47DF-8384-97F0CDC16C93}.Release|Any CPU.ActiveCfg = Debug|Any CPU
		{4437F372-213F-47DF-8384-97F0CDC16C93}.Release|Any CPU.Build.0 = Debug|Any CPU
		{7AF73E4B-3B20-4DC1-99E4-0221F71A946C}.Debug|Any CPU.ActiveCfg = Debug|Any CPU
		{7AF73E4B-3B20-4DC1-99E4-0221F71A946C}.Debug|Any CPU.Build.0 = Debug|Any CPU
		{7AF73E4B-3B20-4DC1-99E4-0221F71A946C}.Release|Any CPU.ActiveCfg = Release|Any CPU
		{7AF73E4B-3B20-4DC1-99E4-0221F71A946C}.Release|Any CPU.Build.0 = Release|Any CPU
		{3BF886E8-6403-4BEC-B7A6-3B487CC179D8}.Debug|Any CPU.ActiveCfg = Debug|Any CPU
		{3BF886E8-6403-4BEC-B7A6-3B487CC179D8}.Debug|Any CPU.Build.0 = Debug|Any CPU
		{3BF886E8-6403-4BEC-B7A6-3B487CC179D8}.Release|Any CPU.ActiveCfg = Release|Any CPU
		{3BF886E8-6403-4BEC-B7A6-3B487CC179D8}.Release|Any CPU.Build.0 = Release|Any CPU
		{489CE0A7-27C2-4A46-8D03-E75906430399}.Debug|Any CPU.ActiveCfg = Debug|Any CPU
		{489CE0A7-27C2-4A46-8D03-E75906430399}.Debug|Any CPU.Build.0 = Debug|Any CPU
		{489CE0A7-27C2-4A46-8D03-E75906430399}.Release|Any CPU.ActiveCfg = Release|Any CPU
		{489CE0A7-27C2-4A46-8D03-E75906430399}.Release|Any CPU.Build.0 = Release|Any CPU
		{C7BF1344-4E98-463B-8A17-53351AF61159}.Debug|Any CPU.ActiveCfg = Debug|Any CPU
		{C7BF1344-4E98-463B-8A17-53351AF61159}.Debug|Any CPU.Build.0 = Debug|Any CPU
		{C7BF1344-4E98-463B-8A17-53351AF61159}.Release|Any CPU.ActiveCfg = Release|Any CPU
		{C7BF1344-4E98-463B-8A17-53351AF61159}.Release|Any CPU.Build.0 = Release|Any CPU
	EndGlobalSection
	GlobalSection(SolutionProperties) = preSolution
		HideSolutionNode = FALSE
	EndGlobalSection
EndGlobal
